	<Project xmlns="http://schemas.microsoft.com/developer/msbuild/2003">
		<PropertyGroup>
			<ProjectGuid>{11593427-6E2F-4871-A7F2-BA8945456B08}</ProjectGuid>
			<MainSource>Persistance.dpr</MainSource>
			<Config Condition="'$(Config)'==''">Debug</Config>
			<DCC_DCCCompiler>DCC32</DCC_DCCCompiler>
			<ProjectVersion>12.0</ProjectVersion>
		</PropertyGroup>
		<PropertyGroup Condition="'$(Config)'=='Base' or '$(Base)'!=''">
			<Base>true</Base>
		</PropertyGroup>
		<PropertyGroup Condition="'$(Config)'=='Release' or '$(Cfg_1)'!=''">
			<Cfg_1>true</Cfg_1>
			<CfgParent>Base</CfgParent>
			<Base>true</Base>
		</PropertyGroup>
		<PropertyGroup Condition="'$(Config)'=='Debug' or '$(Cfg_2)'!=''">
			<Cfg_2>true</Cfg_2>
			<CfgParent>Base</CfgParent>
			<Base>true</Base>
		</PropertyGroup>
		<PropertyGroup Condition="'$(Base)'!=''">
			<DCC_UnitSearchPath>D:\Common Delphi Libs\u_59968 Delphi Modules\Repositories and Domain\Domain;D:\Common Delphi Libs\u_59968 Delphi Modules\Repositories and Domain\Domain\Common;D:\Common Delphi Libs\u_59968 Delphi Modules\Repositories and Domain\Repositories;D:\Common Delphi Libs\u_59968 Delphi Modules\Repositories and Domain\Repository Criteria;D:\Common Delphi Libs\u_59968 Delphi Modules\Reflection;D:\Common Delphi Libs\u_59968 Delphi Modules\Misceleneous;D:\Common Delphi Libs\u_59968 Delphi Modules\Misceleneous\Interfaces;$(DCC_UnitSearchPath)</DCC_UnitSearchPath>
			<DCC_DependencyCheckOutputName>Persistance.exe</DCC_DependencyCheckOutputName>
			<DCC_ImageBase>00400000</DCC_ImageBase>
			<DCC_UnitAlias>WinTypes=Windows;WinProcs=Windows;DbiTypes=BDE;DbiProcs=BDE;DbiErrs=BDE;$(DCC_UnitAlias)</DCC_UnitAlias>
			<DCC_Define>madExcept;$(DCC_Define)</DCC_Define>
			<DCC_Platform>x86</DCC_Platform>
			<DCC_MapFile>3</DCC_MapFile>
			<DCC_K>false</DCC_K>
			<DCC_N>true</DCC_N>
			<DCC_S>false</DCC_S>
			<DCC_SymbolReferenceInfo>1</DCC_SymbolReferenceInfo>
			<DCC_E>false</DCC_E>
			<DCC_F>false</DCC_F>
		</PropertyGroup>
		<PropertyGroup Condition="'$(Cfg_1)'!=''">
			<DCC_LocalDebugSymbols>false</DCC_LocalDebugSymbols>
			<DCC_Define>RELEASE;$(DCC_Define)</DCC_Define>
			<DCC_SymbolReferenceInfo>0</DCC_SymbolReferenceInfo>
			<DCC_DebugInformation>false</DCC_DebugInformation>
		</PropertyGroup>
		<PropertyGroup Condition="'$(Cfg_2)'!=''">
			<DCC_Define>DEBUG;$(DCC_Define)</DCC_Define>
		</PropertyGroup>
		<ItemGroup>
			<DelphiCompile Include="Persistance.dpr">
				<MainSource>MainSource</MainSource>
			</DelphiCompile>
			<DCCReference Include="D:\Common Delphi Libs\u_59968 Delphi Modules\Misceleneous\Interfaces\ClonableUnit.pas"/>
			<DCCReference Include="D:\Common Delphi Libs\u_59968 Delphi Modules\Misceleneous\Interfaces\CopyableUnit.pas"/>
			<DCCReference Include="D:\Common Delphi Libs\u_59968 Delphi Modules\Misceleneous\Interfaces\EquatableUnit.pas"/>
			<DCCReference Include="D:\Common Delphi Libs\u_59968 Delphi Modules\Misceleneous\Interfaces\IGetSelfUnit.pas"/>
			<DCCReference Include="D:\Common Delphi Libs\u_59968 Delphi Modules\Repositories and Domain\Domain\DomainObjectBaseUnit.pas"/>
			<DCCReference Include="D:\Common Delphi Libs\u_59968 Delphi Modules\Repositories and Domain\Domain\DomainObjectListUnit.pas"/>
			<DCCReference Include="D:\Common Delphi Libs\u_59968 Delphi Modules\Repositories and Domain\Domain\DomainObjectUnit.pas"/>
			<DCCReference Include="D:\Common Delphi Libs\u_59968 Delphi Modules\Repositories and Domain\Domain\DomainObjectValueUnit.pas"/>
			<DCCReference Include="D:\Common Delphi Libs\u_59968 Delphi Modules\Repositories and Domain\Domain\IDomainObjectBaseUnit.pas"/>
			<DCCReference Include="D:\Common Delphi Libs\u_59968 Delphi Modules\Repositories and Domain\Domain\IDomainObjectUnit.pas"/>
			<DCCReference Include="D:\Common Delphi Libs\u_59968 Delphi Modules\Repositories and Domain\Domain\IDomainObjectValueUnit.pas"/>
			<DCCReference Include="D:\Common Delphi Libs\u_59968 Delphi Modules\Repositories and Domain\Repositories\AbstractDBRepositoryUnit.pas"/>
			<DCCReference Include="D:\Common Delphi Libs\u_59968 Delphi Modules\Repositories and Domain\Repositories\AbstractRepositoryUnit.pas"/>
			<DCCReference Include="D:\Common Delphi Libs\u_59968 Delphi Modules\Repositories and Domain\Repositories\AbstractZeosDBRepositoryUnit.pas"/>
			<DCCReference Include="D:\Common Delphi Libs\u_59968 Delphi Modules\Repositories and Domain\Repositories\DBTableMappingUnit.pas"/>
			<DCCReference Include="D:\Common Delphi Libs\u_59968 Delphi Modules\Repositories and Domain\Repositories\DomainObjectFromDataSetLoaderUnit.pas"/>
			<DCCReference Include="D:\Common Delphi Libs\u_59968 Delphi Modules\Repositories and Domain\Repositories\TableColumnMappingsUnit.pas"/>
			<DCCReference Include="D:\Common Delphi Libs\u_59968 Delphi Modules\Repositories and Domain\Repositories\TableMappingUnit.pas"/>
			<DCCReference Include="D:\Common Delphi Libs\u_59968 Delphi Modules\Repositories and Domain\Repository Criteria\RepositoryCriteriaListUnit.pas"/>
			<DCCReference Include="D:\Common Delphi Libs\u_59968 Delphi Modules\Repositories and Domain\Repository Criteria\UnaryDBRepositoryCriterionUnit.pas"/>
			<DCCReference Include="D:\Common Delphi Libs\u_59968 Delphi Modules\Repositories and Domain\Repository Criteria\UnaryRepositoryCriterionUnit.pas"/>
			<DCCReference Include="D:\Common Delphi Libs\u_59968 Delphi Modules\Repositories and Domain\Repository Criteria\UnaryZeosDBRepositoryCriterionUnit.pas"/>
			<DCCReference Include="D:\Common Delphi Libs\u_59968 Delphi Modules\Repositories and Domain\Repository Criteria\UnitingRepositoryCriterionUnit.pas"/>
			<DCCReference Include="D:\Common Delphi Libs\u_59968 Delphi Modules\Repositories and Domain\Repository Criteria\AbstractContainsRepositoryCriterionOperationUnit.pas"/>
			<DCCReference Include="D:\Common Delphi Libs\u_59968 Delphi Modules\Repositories and Domain\Repository Criteria\AbstractDBRepositoryCriteriaUnit.pas"/>
			<DCCReference Include="D:\Common Delphi Libs\u_59968 Delphi Modules\Repositories and Domain\Repository Criteria\AbstractNegativeRepositoryCriterionUnit.pas"/>
			<DCCReference Include="D:\Common Delphi Libs\u_59968 Delphi Modules\Repositories and Domain\Repository Criteria\AbstractRepositoryCriteriaUnit.pas"/>
			<DCCReference Include="D:\Common Delphi Libs\u_59968 Delphi Modules\Repositories and Domain\Repository Criteria\ArithmeticRepositoryCriterionOperationsUnit.pas"/>
			<DCCReference Include="D:\Common Delphi Libs\u_59968 Delphi Modules\Repositories and Domain\Repository Criteria\BinaryDBRepositoryCriterionUnit.pas"/>
			<DCCReference Include="D:\Common Delphi Libs\u_59968 Delphi Modules\Repositories and Domain\Repository Criteria\BinaryRepositoryCriterionUnit.pas"/>
			<DCCReference Include="D:\Common Delphi Libs\u_59968 Delphi Modules\Repositories and Domain\Repository Criteria\BoolLogicalNegativeDBRepositoryCriterionUnit.pas"/>
			<DCCReference Include="D:\Common Delphi Libs\u_59968 Delphi Modules\Repositories and Domain\Repository Criteria\BoolLogicalNegativeRepositoryCriterionUnit.pas"/>
			<DCCReference Include="D:\Common Delphi Libs\u_59968 Delphi Modules\Repositories and Domain\Repository Criteria\BoolLogicalRepositoryCriterionBindingsUnit.pas"/>
			<DCCReference Include="D:\Common Delphi Libs\u_59968 Delphi Modules\Repositories and Domain\Repository Criteria\ConstDBRepositoryCriterionUnit.pas"/>
			<DCCReference Include="D:\Common Delphi Libs\u_59968 Delphi Modules\Repositories and Domain\Repository Criteria\ConstRepositoryCriterionUnit.pas"/>
			<DCCReference Include="D:\Common Delphi Libs\u_59968 Delphi Modules\Repositories and Domain\Repository Criteria\ContainsDBRepositoryCriterionOperationUnit.pas"/>
			<DCCReference Include="D:\Common Delphi Libs\u_59968 Delphi Modules\Repositories and Domain\Repository Criteria\ContainsRepositoryCriterionOperationUnit.pas"/>
			<DCCReference Include="D:\Common Delphi Libs\u_59968 Delphi Modules\Variant List\VariantListUnit.pas"/>
			<DCCReference Include="D:\Common Delphi Libs\u_59968 Delphi Modules\Repositories and Domain\DocRepositoryUnit.pas"/>
			<DCCReference Include="D:\Common Delphi Libs\u_59968 Delphi Modules\AuxZeosFunctions\AuxZeosFunctions.pas"/>
			<DCCReference Include="D:\Common Delphi Libs\u_59968 Delphi Modules\AuxDebugFunctions\AuxDebugFunctionsUnit.pas"/>
			<DCCReference Include="D:\Common Delphi Libs\u_59968 Delphi Modules\Repositories and Domain\Repositories\DBTableColumnMappingsUnit.pas"/>
			<DCCReference Include="D:\Common Delphi Libs\u_59968 Delphi Modules\AuxCollectionFunctions\AuxCollectionFunctionsUnit.pas"/>
			<DCCReference Include="D:\Common Delphi Libs\u_59968 Delphi Modules\Repositories and Domain\Session\DatabaseTransactionUnit.pas"/>
			<DCCReference Include="D:\Common Delphi Libs\u_59968 Delphi Modules\Repositories and Domain\Session\ISessionUnit.pas"/>
			<DCCReference Include="D:\Common Delphi Libs\u_59968 Delphi Modules\Repositories and Domain\Session\PostgresTransactionUnit.pas"/>
			<DCCReference Include="D:\Common Delphi Libs\u_59968 Delphi Modules\Repositories and Domain\Session\ZeosPostgresTransactionUnit.pas"/>
			<DCCReference Include="D:\Common Delphi Libs\u_59968 Delphi Modules\Misceleneous\Exceptions\NotImplementedExceptionUnit.pas"/>
			<DCCReference Include="D:\Common Delphi Libs\u_59968 Delphi Modules\Sequence Generators\SequenceNumberGeneratorUnit.pas"/>
			<DCCReference Include="D:\Common Delphi Libs\u_59968 Delphi Modules\Sequence Generators\Interfaces\INumberGeneratorUnit.pas"/>
			<DCCReference Include="D:\Common Delphi Libs\u_59968 Delphi Modules\Repositories and Domain\Domain\Common\Date and Time\DateTimeRange.pas"/>
			<DCCReference Include="D:\Common Delphi Libs\u_59968 Delphi Modules\Repositories and Domain\Domain\Common\Date and Time\TimeFrame.pas"/>
			<DCCReference Include="D:\Common Delphi Libs\u_59968 Delphi Modules\AuxSystemFunctions\AuxSystemFunctionsUnit.pas"/>
			<DCCReference Include="Domain\Services\Documents\Approving\BasedOnRepositoryApprovingCycleResultFinder.pas"/>
			<DCCReference Include="Domain\Services\Documents\Charge Sheets\BasedOnRepositoryDocumentChargeSheetFinder.pas"/>
			<DCCReference Include="Domain\Services\Documents\Formalization\BasedOnRepositoryDocumentResponsibleFinder.pas"/>
			<DCCReference Include="Domain\Services\Documents\Numerators\ZeosPostgresDocumentNumeratorRegistryUnit.pas"/>
			<DCCReference Include="Domain\Services\Employees\References\BasedOnRepositoryDepartmentFinder.pas"/>
			<DCCReference Include="Domain\Services\Employees\References\BasedOnRepositoryEmployeeFinder.pas"/>
			<DCCReference Include="Domain\Specifications\Interfaces\PersistanceEmployeeIsSameAsOrDeputySpecification.pas"/>
			<DCCReference Include="Domain\Specifications\SQL\SQLStandardEmployeeIsSameAsOrDeputySpecification.pas"/>
			<DCCReference Include="Domain\Specifications\SQL\Postgres\PostgresStandardEmployeeIsSameAsOrDeputySpecification.pas"/>
			<DCCReference Include="Repositories\Documents\Common\Interfaces\DocumentApprovingCycleResultRepository.pas"/>
			<DCCReference Include="Repositories\Documents\Common\Interfaces\DocumentChargeSheetRepository.pas"/>
			<DCCReference Include="Repositories\Documents\Common\Interfaces\DocumentFilesRepository.pas"/>
			<DCCReference Include="Repositories\Documents\Common\Interfaces\DocumentRelationsRepository.pas"/>
			<DCCReference Include="Repositories\Documents\Common\Interfaces\DocumentRepository.pas"/>
			<DCCReference Include="Repositories\Documents\Common\Interfaces\IDocumentResponsibleRepositoryUnit.pas"/>
			<DCCReference Include="Repositories\Documents\Common\Interfaces\IncomingDocumentRepository.pas"/>
			<DCCReference Include="Repositories\Documents\Common\SQL\Postgres\DocumentApprovingCycleResultZeosPostgresRepository.pas"/>
			<DCCReference Include="Repositories\Documents\Common\SQL\Postgres\DocumentApprovingZeosPostgresRepository.pas"/>
			<DCCReference Include="Repositories\Documents\Common\SQL\Postgres\DocumentChargePostgresRepository.pas"/>
			<DCCReference Include="Repositories\Documents\Common\SQL\Postgres\DocumentChargeSheetZeosPostgresRepository.pas"/>
			<DCCReference Include="Repositories\Documents\Common\SQL\Postgres\DocumentFilesPostgresRepositoryUnit.pas"/>
			<DCCReference Include="Repositories\Documents\Common\SQL\Postgres\DocumentRelationsPostgresRepositoryUnit.pas"/>
			<DCCReference Include="Repositories\Documents\Common\SQL\Postgres\DocumentResponsibleZeosPostgresRepositoryUnit.pas"/>
			<DCCReference Include="Repositories\Documents\Common\SQL\Postgres\DocumentSigningPostgresRepository.pas"/>
			<DCCReference Include="Repositories\Documents\Common\SQL\Postgres\DocumentZeosPostgresRepository.pas"/>
			<DCCReference Include="Repositories\Documents\Common\SQL\Postgres\HistoricalDocumentApprovingZeosPostgresRepository.pas"/>
			<DCCReference Include="Repositories\Documents\Common\SQL\Postgres\IncomingDocumentZeosPostgresRepository.pas"/>
			<DCCReference Include="Repositories\Documents\Common\SQL\Postgres\Schema\DocumentApprovingResultsTable.pas"/>
			<DCCReference Include="Repositories\Documents\Common\SQL\Postgres\Schema\DocumentApprovingsTable.pas"/>
			<DCCReference Include="Repositories\Documents\Common\SQL\Postgres\Schema\DocumentChargeSheetStageTable.pas"/>
			<DCCReference Include="Repositories\Documents\Common\SQL\Postgres\Schema\DocumentChargeSheetTable.pas"/>
			<DCCReference Include="Repositories\Documents\Common\SQL\Postgres\Schema\DocumentChargeTable.pas"/>
			<DCCReference Include="Repositories\Documents\Common\SQL\Postgres\Schema\DocumentDBTableUnit.pas"/>
			<DCCReference Include="Repositories\Documents\Common\SQL\Postgres\Schema\DocumentFilesDBTableUnit.pas"/>
			<DCCReference Include="Repositories\Documents\Common\SQL\Postgres\Schema\DocumentFilesDBViewUnit.pas"/>
			<DCCReference Include="Repositories\Documents\Common\SQL\Postgres\Schema\DocumentLinksDBTableUnit.pas"/>
			<DCCReference Include="Repositories\Documents\Common\SQL\Postgres\Schema\DocumentReceiversDBTableUnit.pas"/>
			<DCCReference Include="Repositories\Documents\Common\SQL\Postgres\Schema\DocumentSigningTable.pas"/>
			<DCCReference Include="Repositories\Documents\Common\SQL\Postgres\Schema\DocumentTable.pas"/>
			<DCCReference Include="Repositories\Documents\Common\SQL\Postgres\Schema\DocumentTypesDBTableUnit.pas"/>
			<DCCReference Include="Repositories\Documents\Common\SQL\Postgres\Schema\DocumentTypeStageDBTableUnit.pas"/>
			<DCCReference Include="Repositories\Documents\Common\SQL\Postgres\Schema\DocumentTypeStageTable.pas"/>
			<DCCReference Include="Repositories\Documents\Common\SQL\Postgres\Schema\IncomingDocumentTable.pas"/>
			<DCCReference Include="Repositories\Documents\Common\SQL\Postgres\Queries\DocumentReceiversRepositoryQueryTexts.pas"/>
			<DCCReference Include="Repositories\Documents\Common\SQL\Postgres\Queries\DocumentReceiversViewQueryTextsUnit.pas"/>
			<DCCReference Include="Repositories\Documents\Common\SQL\Postgres\Queries\SelectDocumentRecordsViewQueries.pas"/>
			<DCCReference Include="Repositories\Documents\Common\SQL\Postgres\Adapters\DocumentApprovingCycleResultZeosPostgresRepositoryAdapter.pas"/>
			<DCCReference Include="Repositories\Documents\Common\SQL\Postgres\Adapters\DocumentChargeSheetZeosPostgresRepositoryAdapter.pas"/>
			<DCCReference Include="Repositories\Documents\Common\SQL\Postgres\Adapters\DocumentFilesRepositoryZeosPostgresAdapter.pas"/>
			<DCCReference Include="Repositories\Documents\Common\SQL\Postgres\Adapters\DocumentRelationsRepositoryZeosPostgresAdapter.pas"/>
			<DCCReference Include="Repositories\Documents\Common\SQL\Postgres\Adapters\DocumentZeosPostgresRepositoryAdapter.pas"/>
			<DCCReference Include="Repositories\Documents\Common\SQL\Postgres\Adapters\IncomingDocumentZeosPostgresRepositoryAdapter.pas"/>
			<DCCReference Include="Repositories\Documents\Service Notes\Interfaces\IncomingServiceNoteRepository.pas"/>
			<DCCReference Include="Repositories\Documents\Service Notes\Interfaces\ServiceNoteRepository.pas"/>
			<DCCReference Include="Repositories\Documents\Service Notes\SQL\Postgres\HistoricalServiceNoteApprovingZeosPostgresRepository.pas"/>
			<DCCReference Include="Repositories\Documents\Service Notes\SQL\Postgres\IncomingServiceNoteZeosPostgresRepository.pas"/>
			<DCCReference Include="Repositories\Documents\Service Notes\SQL\Postgres\ServiceNoteApprovingCycleResultZeosPostgresRepository.pas"/>
			<DCCReference Include="Repositories\Documents\Service Notes\SQL\Postgres\ServiceNoteApprovingZeosPostgresRepository.pas"/>
			<DCCReference Include="Repositories\Documents\Service Notes\SQL\Postgres\ServiceNoteChargePostgresRepository.pas"/>
			<DCCReference Include="Repositories\Documents\Service Notes\SQL\Postgres\ServiceNoteChargeSheetPostgresRepository.pas"/>
			<DCCReference Include="Repositories\Documents\Service Notes\SQL\Postgres\ServiceNoteFilesZeosPostgresRepository.pas"/>
			<DCCReference Include="Repositories\Documents\Service Notes\SQL\Postgres\ServiceNoteRelationsZeosPostgresRepository.pas"/>
			<DCCReference Include="Repositories\Documents\Service Notes\SQL\Postgres\ServiceNoteSigningPostgresRepository.pas"/>
			<DCCReference Include="Repositories\Documents\Service Notes\SQL\Postgres\ServiceNoteZeosPostgresRepository.pas"/>
			<DCCReference Include="Repositories\Documents\Service Notes\SQL\Postgres\Schema\IncomingServiceNoteTable.pas"/>
			<DCCReference Include="Repositories\Documents\Service Notes\SQL\Postgres\Schema\ServiceNoteApprovingsTable.pas"/>
			<DCCReference Include="Repositories\Documents\Service Notes\SQL\Postgres\Schema\ServiceNoteChargeSheetTable.pas"/>
			<DCCReference Include="Repositories\Documents\Service Notes\SQL\Postgres\Schema\ServiceNoteDBTableUnit.pas"/>
			<DCCReference Include="Repositories\Documents\Service Notes\SQL\Postgres\Schema\ServiceNoteFilesDBTableUnit.pas"/>
			<DCCReference Include="Repositories\Documents\Service Notes\SQL\Postgres\Schema\ServiceNoteLinksDBTableUnit.pas"/>
			<DCCReference Include="Repositories\Documents\Service Notes\SQL\Postgres\Schema\ServiceNoteReceiversDBTable.pas"/>
			<DCCReference Include="Repositories\Documents\Service Notes\SQL\Postgres\Schema\ServiceNoteSigningTable.pas"/>
			<DCCReference Include="Repositories\Documents\Service Notes\SQL\Postgres\Schema\ServiceNoteTable.pas"/>
			<DCCReference Include="Repositories\Employees\Interfaces\DepartmentRepository.pas"/>
			<DCCReference Include="Repositories\Employees\Interfaces\IEmployeeRepositoryUnit.pas"/>
			<DCCReference Include="Repositories\Employees\Interfaces\IRoleRepositoryUnit.pas"/>
			<DCCReference Include="Repositories\Employees\SQL\Postgres\DepartmentPostgresRepositoryUnit.pas"/>
			<DCCReference Include="Repositories\Employees\SQL\Postgres\EmployeePostgresRepository.pas"/>
			<DCCReference Include="Repositories\Employees\SQL\Postgres\EmployeeReplacementPostgresRepository.pas"/>
			<DCCReference Include="Repositories\Employees\SQL\Postgres\RolePostgresRepositoryUnit.pas"/>
			<DCCReference Include="Repositories\Employees\SQL\Postgres\Schema\EmployeeContactInfoDBTableUnit.pas"/>
			<DCCReference Include="Repositories\Employees\SQL\Postgres\Schema\EmployeeDBTableUnit.pas"/>
			<DCCReference Include="Repositories\Employees\SQL\Postgres\Schema\EmployeeReplacementTable.pas"/>
			<DCCReference Include="Repositories\Employees\SQL\Postgres\Schema\EmployeeRoleDBAssocTableUnit.pas"/>
			<DCCReference Include="Repositories\Employees\SQL\Postgres\Schema\EmployeeViewMetadataUnit.pas"/>
			<DCCReference Include="Repositories\Employees\SQL\Postgres\Schema\RoleDBTableUnit.pas"/>
			<DCCReference Include="Repositories\Employees\SQL\Postgres\Queries\EmployeePostgresRepositoryQueryTextsUnit.pas"/>
			<DCCReference Include="Repositories\Employees\SQL\Postgres\Queries\EmployeeReplacementQueryTexts.pas"/>
			<DCCReference Include="Repositories\Employees\SQL\Postgres\Queries\EmployeesViewQueryTextsUnit.pas"/>
			<DCCReference Include="Repositories\Employees\SQL\Postgres\Adapters\DepartmentRepositoryZeosPostgresAdapter.pas"/>
			<DCCReference Include="Repositories\Employees\SQL\Postgres\Adapters\EmployeeRepositoryZeosPostgresAdapter.pas"/>
			<DCCReference Include="Repositories\Employees\SQL\Postgres\Adapters\RoleRepositoryZeosPostgresAdapter.pas"/>
			<DCCReference Include="Repositories\Registries\RepositoryRegistryUnit.pas"/>
			<DCCReference Include="Repositories\Registries\Interfaces\IRepositoryRegistryUnit.pas"/>
			<DCCReference Include="..\Domain\Documents\Common\Entities\Document.pas"/>
			<DCCReference Include="..\Domain\Documents\Common\Entities\DocumentApprovingCycle.pas"/>
			<DCCReference Include="..\Domain\Documents\Common\Entities\DocumentApprovingCycleResult.pas"/>
			<DCCReference Include="..\Domain\Documents\Common\Entities\DocumentApprovings.pas"/>
			<DCCReference Include="..\Domain\Documents\Common\Entities\DocumentCharges.pas"/>
			<DCCReference Include="..\Domain\Documents\Common\Entities\DocumentChargeSheet.pas"/>
			<DCCReference Include="..\Domain\Documents\Common\Entities\DocumentFileUnit.pas"/>
			<DCCReference Include="..\Domain\Documents\Common\Entities\DocumentRelationsUnit.pas"/>
			<DCCReference Include="..\Domain\Documents\Common\Entities\DocumentSignings.pas"/>
			<DCCReference Include="..\Domain\Documents\Common\Entities\DocumentWorkCycle.pas"/>
			<DCCReference Include="..\Domain\Documents\Common\Entities\IncomingDocument.pas"/>
			<DCCReference Include="..\Domain\Documents\Common\Entities\Interfaces\IDocumentChargeSheetUnit.pas"/>
			<DCCReference Include="..\Domain\Documents\Common\Entities\Interfaces\IDocumentUnit.pas"/>
			<DCCReference Include="..\Domain\Employees\Entities\DepartmentUnit.pas"/>
			<DCCReference Include="..\Domain\Employees\Entities\Employee.pas"/>
			<DCCReference Include="..\Domain\Employees\Entities\RoleUnit.pas"/>
			<DCCReference Include="..\Domain\Documents\Common\Rules\Common\Interfaces\EmployeeDocumentWorkingRule.pas"/>
			<DCCReference Include="..\Domain\Documents\Common\Rules\Common\EmployeeDocumentWorkingRules.pas"/>
			<DCCReference Include="..\Domain\Documents\Common\Rules\Approving\Interfaces\DocumentApproverListChangingRule.pas"/>
			<DCCReference Include="..\Domain\Documents\Common\Rules\Approving\Interfaces\DocumentApprovingPerformingRule.pas"/>
			<DCCReference Include="..\Domain\Documents\Common\Rules\Approving\Interfaces\DocumentApprovingRejectingPerformingRule.pas"/>
			<DCCReference Include="..\Domain\Documents\Common\Rules\Charge Sheets\Interfaces\EmployeeDocumentChargeSheetWorkingRuleRegistry.pas"/>
			<DCCReference Include="..\Domain\Documents\Common\Rules\Charge Sheets\Interfaces\DocumentChargeSheetOverlappedPerformingRule.pas"/>
			<DCCReference Include="..\Domain\Documents\Common\Rules\Charge Sheets\Interfaces\EmployeeDocumentChargeSheetWorkingRule.pas"/>
			<DCCReference Include="..\Domain\Documents\Common\Rules\Charges\Interfaces\DocumentChargeListChangingRule.pas"/>
			<DCCReference Include="..\Domain\Documents\Common\Rules\Charges\Interfaces\DocumentChargePerformedMarkingRule.pas"/>
			<DCCReference Include="..\Domain\Documents\Common\Rules\Signing\Interfaces\DocumentSignerListChangingRule.pas"/>
			<DCCReference Include="..\Domain\Documents\Common\Rules\Signing\Interfaces\DocumentSigningPerformingRule.pas"/>
			<DCCReference Include="..\Domain\Documents\Common\Rules\Signing\Interfaces\DocumentSigningRejectingPerformingRule.pas"/>
			<DCCReference Include="..\Domain\Documents\Common\Services\Approving\Interfaces\DocumentApprovingCycleResultFinder.pas"/>
			<DCCReference Include="..\Domain\Documents\Common\Services\Charge Sheets\Interfaces\DocumentChargeSheetFinder.pas"/>
			<DCCReference Include="..\Domain\Documents\Common\Services\Charge Sheets\Interfaces\DocumentChargeSheetOverlappingPerformingService.pas"/>
			<DCCReference Include="..\Domain\Documents\Common\Rules\Charge Sheets\EmployeeDocumentChargeSheetWorkingRules.pas"/>
			<DCCReference Include="..\Domain\Documents\Common\Services\Charge Sheets\AbstractDocumentChargeSheetFinder.pas"/>
			<DCCReference Include="..\Domain\Documents\Common\Services\Formalization\Interfaces\DocumentResponsibleFinder.pas"/>
			<DCCReference Include="..\Domain\Documents\Common\Services\Numerators\AbstractDocumentNumeratorRegistry.pas"/>
			<DCCReference Include="..\Domain\Documents\Common\Services\Numerators\StandardDocumentNumerator.pas"/>
			<DCCReference Include="..\Domain\Documents\Common\Services\Numerators\Interfaces\DocumentNumeratorRegistry.pas"/>
			<DCCReference Include="..\Domain\Documents\Common\Services\Numerators\Interfaces\DocumentNumerator.pas"/>
			<DCCReference Include="D:\Common Delphi Libs\u_59968 Delphi Modules\Repositories and Domain\Repositories\AbstractZeosPostgresRepositoryUnit.pas"/>
			<DCCReference Include="D:\Common Delphi Libs\u_59968 Delphi Modules\Sequence Generators\Database\Postgres\ZeosPostgresSequenceNumberGeneratorUnit.pas"/>
			<DCCReference Include="D:\Common Delphi Libs\u_59968 Delphi Modules\Sequence Generators\Database\DBSequenceNumberGeneratorUnit.pas"/>
			<DCCReference Include="..\Domain\Documents\Service Notes\Entities\IncomingServiceNote.pas"/>
			<DCCReference Include="..\Domain\Documents\Service Notes\Entities\ServiceNote.pas"/>
			<DCCReference Include="..\Domain\Documents\Service Notes\Entities\ServiceNoteChargeSheet.pas"/>
			<DCCReference Include="..\Domain\Documents\Service Notes\Entities\ServiceNoteWorkCycle.pas"/>
			<DCCReference Include="..\Domain\Employees\Services\References\Interfaces\DepartmentFinder.pas"/>
			<DCCReference Include="..\Domain\Employees\Services\References\Interfaces\EmployeeFinder.pas"/>
			<DCCReference Include="..\Domain\Employees\Services\References\Interfaces\EmployeeReferenceService.pas"/>
			<DCCReference Include="..\Domain\Employees\Specifications\Subordination\Interfaces\AreEmployeesSecretariesOfSameLeaderSpecification.pas"/>
			<DCCReference Include="..\Domain\Employees\Specifications\Subordination\Interfaces\AreEmployeesSubLeadersOfSameLeaderSpecification.pas"/>
			<DCCReference Include="..\Domain\Employees\Specifications\Subordination\Interfaces\EmployeeIsSameAsOrDeputySpecification.pas"/>
			<DCCReference Include="..\Domain\Employees\Specifications\Subordination\Interfaces\EmployeeIsSameAsOrReplacingForOthersSpecification.pas"/>
			<DCCReference Include="..\Domain\Employees\Specifications\Subordination\Interfaces\EmployeeIsSecretaryForAnyOfEmployeesSpecification.pas"/>
			<DCCReference Include="..\Domain\Employees\Specifications\Subordination\AbstractEmployeeIsSameAsOrReplacingForOthersSpecification.pas"/>
			<DCCReference Include="..\Domain\Employees\Specifications\Subordination\StandardAreEmployeesSecretariesOfSameLeaderSpecification.pas"/>
			<DCCReference Include="..\Domain\Employees\Specifications\Subordination\StandardAreEmployeesSubLeadersOfSameLeaderSpecification.pas"/>
			<DCCReference Include="..\Domain\Employees\Specifications\Subordination\StandardEmployeeIsSameAsOrDeputyOfEmployeesSpecification.pas"/>
			<DCCReference Include="..\Domain\Employees\Specifications\Subordination\StandardEmployeeIsSameAsOrDeputySpecification.pas"/>
			<DCCReference Include="..\Domain\Employees\Specifications\Subordination\StandardEmployeeIsSameAsOrReplacingSignerForOthersSpecification.pas"/>
			<DCCReference Include="..\Domain\Employees\Specifications\Subordination\StandardEmployeeIsSecretaryForAnyOfEmployeesSpecification.pas"/>
			<DCCReference Include="Repositories\Documents\Service Notes\SQL\Postgres\Queries\ServiceNoteReceiversViewQueryTexts.pas"/>
			<BuildConfiguration Include="Base">
				<Key>Base</Key>
			</BuildConfiguration>
			<BuildConfiguration Include="Debug">
				<Key>Cfg_2</Key>
				<CfgParent>Base</CfgParent>
			</BuildConfiguration>
			<BuildConfiguration Include="Release">
				<Key>Cfg_1</Key>
				<CfgParent>Base</CfgParent>
			</BuildConfiguration>
		</ItemGroup>
		<Import Project="$(BDS)\Bin\CodeGear.Delphi.Targets" Condition="Exists('$(BDS)\Bin\CodeGear.Delphi.Targets')"/>
		<ProjectExtensions>
			<Borland.Personality>Delphi.Personality.12</Borland.Personality>
			<Borland.ProjectType/>
			<BorlandProject>
				<Delphi.Personality>
					<Source>
						<Source Name="MainSource">Persistance.dpr</Source>
					</Source>
					<Parameters>
						<Parameters Name="UseLauncher">False</Parameters>
						<Parameters Name="LoadAllSymbols">True</Parameters>
						<Parameters Name="LoadUnspecifiedSymbols">False</Parameters>
					</Parameters>
					<VersionInfo>
						<VersionInfo Name="IncludeVerInfo">False</VersionInfo>
						<VersionInfo Name="AutoIncBuild">False</VersionInfo>
						<VersionInfo Name="MajorVer">1</VersionInfo>
						<VersionInfo Name="MinorVer">0</VersionInfo>
						<VersionInfo Name="Release">0</VersionInfo>
						<VersionInfo Name="Build">0</VersionInfo>
						<VersionInfo Name="Debug">False</VersionInfo>
						<VersionInfo Name="PreRelease">False</VersionInfo>
						<VersionInfo Name="Special">False</VersionInfo>
						<VersionInfo Name="Private">False</VersionInfo>
						<VersionInfo Name="DLL">False</VersionInfo>
						<VersionInfo Name="Locale">1049</VersionInfo>
						<VersionInfo Name="CodePage">1251</VersionInfo>
					</VersionInfo>
					<VersionInfoKeys>
						<VersionInfoKeys Name="CompanyName"/>
						<VersionInfoKeys Name="FileDescription"/>
						<VersionInfoKeys Name="FileVersion">1.0.0.0</VersionInfoKeys>
						<VersionInfoKeys Name="InternalName"/>
						<VersionInfoKeys Name="LegalCopyright"/>
						<VersionInfoKeys Name="LegalTrademarks"/>
						<VersionInfoKeys Name="OriginalFilename"/>
						<VersionInfoKeys Name="ProductName"/>
						<VersionInfoKeys Name="ProductVersion">1.0.0.0</VersionInfoKeys>
						<VersionInfoKeys Name="Comments"/>
					</VersionInfoKeys>
					<Excluded_Packages>
						<Excluded_Packages Name="C:\Documents and Settings\59968\Мои документы\Borland Studio Projects\Bpl\DclEhLibADODataDrivers100.bpl">EhLib 6.2 DataDrivers for ADO</Excluded_Packages>
						<Excluded_Packages Name="C:\Documents and Settings\59968\Мои документы\Borland Studio Projects\Bpl\DclEhLibBDEDataDrivers100.bpl">EhLib 6.2 DataDrivers for BDE</Excluded_Packages>
						<Excluded_Packages Name="C:\Documents and Settings\59968\Мои документы\Borland Studio Projects\Bpl\DclEhLibDBXDataDrivers100.bpl">EhLib 6.2 DataDrivers for DBX</Excluded_Packages>
						<Excluded_Packages Name="C:\Documents and Settings\59968\Мои документы\Borland Studio Projects\Bpl\DclEhLibIBXDataDrivers100.bpl">EhLib 6.2 DataDrivers for IBX</Excluded_Packages>
						<Excluded_Packages Name="c:\program files\borland\bds\4.0\Bin\dcltee100.bpl">TeeChart Components</Excluded_Packages>
						<Excluded_Packages Name="C:\Documents and Settings\59968\Мои документы\Borland Studio Projects\Bpl\dclfsTee10.bpl">FastScript 1.9 Tee Components</Excluded_Packages>
						<Excluded_Packages Name="C:\Documents and Settings\59968\Мои документы\Borland Studio Projects\Bpl\dclfsIBX10.bpl">FastScript 1.9 IBX Components</Excluded_Packages>
					</Excluded_Packages>
				</Delphi.Personality>
			</BorlandProject>
			<ProjectFileVersion>12</ProjectFileVersion>
		</ProjectExtensions>
	</Project>
